// !$*UTF8*$!
{
	archiveVersion = 1;
	classes = {
	};
	objectVersion = 56;
	objects = {

/* Begin PBXBuildFile section */
		6213AD252B7A4A5C0091D822 /* ChangeIconView.swift in Sources */ = {isa = PBXBuildFile; fileRef = 6213AD242B7A4A5C0091D822 /* ChangeIconView.swift */; };
		6213AD272B7A4ADA0091D822 /* ThemeData.swift in Sources */ = {isa = PBXBuildFile; fileRef = 6213AD262B7A4ADA0091D822 /* ThemeData.swift */; };
		6239BF052B7DA4DE005F60FF /* Store.swift in Sources */ = {isa = PBXBuildFile; fileRef = 6239BF042B7DA4DE005F60FF /* Store.swift */; };
		6239BF082B7DA7D6005F60FF /* IAP.swift in Sources */ = {isa = PBXBuildFile; fileRef = 6239BF072B7DA7D6005F60FF /* IAP.swift */; };
		625718BF2B7DB6EA00D4042D /* PurchaseView.swift in Sources */ = {isa = PBXBuildFile; fileRef = 625718BE2B7DB6EA00D4042D /* PurchaseView.swift */; };
		625718C42B834A8200D4042D /* PrivacyAndAgreementView.swift in Sources */ = {isa = PBXBuildFile; fileRef = 625718C32B834A8200D4042D /* PrivacyAndAgreementView.swift */; };
		625718C62B8445B600D4042D /* EmptyGoalView.swift in Sources */ = {isa = PBXBuildFile; fileRef = 625718C52B8445B600D4042D /* EmptyGoalView.swift */; };
		62CD6B572B6CA5CE00A2CBC2 /* GoalTrackerApp.swift in Sources */ = {isa = PBXBuildFile; fileRef = 62CD6B562B6CA5CE00A2CBC2 /* GoalTrackerApp.swift */; };
		62CD6B5B2B6CA5CF00A2CBC2 /* Assets.xcassets in Resources */ = {isa = PBXBuildFile; fileRef = 62CD6B5A2B6CA5CF00A2CBC2 /* Assets.xcassets */; };
		62CD6B5E2B6CA5CF00A2CBC2 /* Preview Assets.xcassets in Resources */ = {isa = PBXBuildFile; fileRef = 62CD6B5D2B6CA5CF00A2CBC2 /* Preview Assets.xcassets */; };
		62CD6B652B6CA62600A2CBC2 /* GoalRowView.swift in Sources */ = {isa = PBXBuildFile; fileRef = 62CD6B642B6CA62600A2CBC2 /* GoalRowView.swift */; };
		62CD6B672B6CA70C00A2CBC2 /* ColorOptions.swift in Sources */ = {isa = PBXBuildFile; fileRef = 62CD6B662B6CA70C00A2CBC2 /* ColorOptions.swift */; };
		62CD6B692B6CA73E00A2CBC2 /* GoalListView.swift in Sources */ = {isa = PBXBuildFile; fileRef = 62CD6B682B6CA73E00A2CBC2 /* GoalListView.swift */; };
		62CD6B6C2B6CB4B600A2CBC2 /* AddAndEditGoalView.swift in Sources */ = {isa = PBXBuildFile; fileRef = 62CD6B6B2B6CB4B600A2CBC2 /* AddAndEditGoalView.swift */; };
		62CD6B6E2B6CB50700A2CBC2 /* AddAndEditViewModel.swift in Sources */ = {isa = PBXBuildFile; fileRef = 62CD6B6D2B6CB50700A2CBC2 /* AddAndEditViewModel.swift */; };
		62CD6B702B6CB57D00A2CBC2 /* CoreDataManager.swift in Sources */ = {isa = PBXBuildFile; fileRef = 62CD6B6F2B6CB57D00A2CBC2 /* CoreDataManager.swift */; };
		62CD6B722B6CB5CB00A2CBC2 /* GoalModel.swift in Sources */ = {isa = PBXBuildFile; fileRef = 62CD6B712B6CB5CB00A2CBC2 /* GoalModel.swift */; };
		62CD6B772B6CB68C00A2CBC2 /* GoalModel.xcdatamodeld in Sources */ = {isa = PBXBuildFile; fileRef = 62CD6B752B6CB68C00A2CBC2 /* GoalModel.xcdatamodeld */; };
		62CD6B7A2B6CE6EC00A2CBC2 /* LineView.swift in Sources */ = {isa = PBXBuildFile; fileRef = 62CD6B792B6CE6EC00A2CBC2 /* LineView.swift */; };
		62CD6B7E2B6D24F500A2CBC2 /* PlaceholderOptions.swift in Sources */ = {isa = PBXBuildFile; fileRef = 62CD6B7D2B6D24F500A2CBC2 /* PlaceholderOptions.swift */; };
		62CD6B802B6D29DA00A2CBC2 /* Haptic.swift in Sources */ = {isa = PBXBuildFile; fileRef = 62CD6B7F2B6D29DA00A2CBC2 /* Haptic.swift */; };
		62CD6B822B70C8AA00A2CBC2 /* SettingView.swift in Sources */ = {isa = PBXBuildFile; fileRef = 62CD6B812B70C8AA00A2CBC2 /* SettingView.swift */; };
		62CD6B842B711A8500A2CBC2 /* SettingRowView.swift in Sources */ = {isa = PBXBuildFile; fileRef = 62CD6B832B711A8500A2CBC2 /* SettingRowView.swift */; };
/* End PBXBuildFile section */

/* Begin PBXFileReference section */
		6213AD242B7A4A5C0091D822 /* ChangeIconView.swift */ = {isa = PBXFileReference; lastKnownFileType = sourcecode.swift; path = ChangeIconView.swift; sourceTree = "<group>"; };
		6213AD262B7A4ADA0091D822 /* ThemeData.swift */ = {isa = PBXFileReference; lastKnownFileType = sourcecode.swift; path = ThemeData.swift; sourceTree = "<group>"; };
		6239BF042B7DA4DE005F60FF /* Store.swift */ = {isa = PBXFileReference; lastKnownFileType = sourcecode.swift; path = Store.swift; sourceTree = "<group>"; };
		6239BF062B7DA5D0005F60FF /* Configuration.storekit */ = {isa = PBXFileReference; lastKnownFileType = text; path = Configuration.storekit; sourceTree = "<group>"; };
		6239BF072B7DA7D6005F60FF /* IAP.swift */ = {isa = PBXFileReference; lastKnownFileType = sourcecode.swift; path = IAP.swift; sourceTree = "<group>"; };
		625718BE2B7DB6EA00D4042D /* PurchaseView.swift */ = {isa = PBXFileReference; lastKnownFileType = sourcecode.swift; path = PurchaseView.swift; sourceTree = "<group>"; };
		625718C22B823D1300D4042D /* GoalTracker.entitlements */ = {isa = PBXFileReference; lastKnownFileType = text.plist.entitlements; path = GoalTracker.entitlements; sourceTree = "<group>"; };
		625718C32B834A8200D4042D /* PrivacyAndAgreementView.swift */ = {isa = PBXFileReference; lastKnownFileType = sourcecode.swift; path = PrivacyAndAgreementView.swift; sourceTree = "<group>"; };
		625718C52B8445B600D4042D /* EmptyGoalView.swift */ = {isa = PBXFileReference; lastKnownFileType = sourcecode.swift; path = EmptyGoalView.swift; sourceTree = "<group>"; };
		625D85C42B7BB20C008D9946 /* Info.plist */ = {isa = PBXFileReference; lastKnownFileType = text.plist; path = Info.plist; sourceTree = "<group>"; };
		62CD6B532B6CA5CE00A2CBC2 /* GoalTracker.app */ = {isa = PBXFileReference; explicitFileType = wrapper.application; includeInIndex = 0; path = GoalTracker.app; sourceTree = BUILT_PRODUCTS_DIR; };
		62CD6B562B6CA5CE00A2CBC2 /* GoalTrackerApp.swift */ = {isa = PBXFileReference; lastKnownFileType = sourcecode.swift; path = GoalTrackerApp.swift; sourceTree = "<group>"; };
		62CD6B5A2B6CA5CF00A2CBC2 /* Assets.xcassets */ = {isa = PBXFileReference; lastKnownFileType = folder.assetcatalog; path = Assets.xcassets; sourceTree = "<group>"; };
		62CD6B5D2B6CA5CF00A2CBC2 /* Preview Assets.xcassets */ = {isa = PBXFileReference; lastKnownFileType = folder.assetcatalog; path = "Preview Assets.xcassets"; sourceTree = "<group>"; };
		62CD6B642B6CA62600A2CBC2 /* GoalRowView.swift */ = {isa = PBXFileReference; lastKnownFileType = sourcecode.swift; path = GoalRowView.swift; sourceTree = "<group>"; };
		62CD6B662B6CA70C00A2CBC2 /* ColorOptions.swift */ = {isa = PBXFileReference; lastKnownFileType = sourcecode.swift; path = ColorOptions.swift; sourceTree = "<group>"; };
		62CD6B682B6CA73E00A2CBC2 /* GoalListView.swift */ = {isa = PBXFileReference; lastKnownFileType = sourcecode.swift; path = GoalListView.swift; sourceTree = "<group>"; };
		62CD6B6B2B6CB4B600A2CBC2 /* AddAndEditGoalView.swift */ = {isa = PBXFileReference; lastKnownFileType = sourcecode.swift; path = AddAndEditGoalView.swift; sourceTree = "<group>"; };
		62CD6B6D2B6CB50700A2CBC2 /* AddAndEditViewModel.swift */ = {isa = PBXFileReference; lastKnownFileType = sourcecode.swift; path = AddAndEditViewModel.swift; sourceTree = "<group>"; };
		62CD6B6F2B6CB57D00A2CBC2 /* CoreDataManager.swift */ = {isa = PBXFileReference; lastKnownFileType = sourcecode.swift; path = CoreDataManager.swift; sourceTree = "<group>"; };
		62CD6B712B6CB5CB00A2CBC2 /* GoalModel.swift */ = {isa = PBXFileReference; lastKnownFileType = sourcecode.swift; path = GoalModel.swift; sourceTree = "<group>"; };
		62CD6B762B6CB68C00A2CBC2 /* GoalModel.xcdatamodel */ = {isa = PBXFileReference; lastKnownFileType = wrapper.xcdatamodel; path = GoalModel.xcdatamodel; sourceTree = "<group>"; };
		62CD6B792B6CE6EC00A2CBC2 /* LineView.swift */ = {isa = PBXFileReference; lastKnownFileType = sourcecode.swift; path = LineView.swift; sourceTree = "<group>"; };
		62CD6B7D2B6D24F500A2CBC2 /* PlaceholderOptions.swift */ = {isa = PBXFileReference; lastKnownFileType = sourcecode.swift; path = PlaceholderOptions.swift; sourceTree = "<group>"; };
		62CD6B7F2B6D29DA00A2CBC2 /* Haptic.swift */ = {isa = PBXFileReference; lastKnownFileType = sourcecode.swift; path = Haptic.swift; sourceTree = "<group>"; };
		62CD6B812B70C8AA00A2CBC2 /* SettingView.swift */ = {isa = PBXFileReference; lastKnownFileType = sourcecode.swift; path = SettingView.swift; sourceTree = "<group>"; };
		62CD6B832B711A8500A2CBC2 /* SettingRowView.swift */ = {isa = PBXFileReference; lastKnownFileType = sourcecode.swift; path = SettingRowView.swift; sourceTree = "<group>"; };
/* End PBXFileReference section */

/* Begin PBXFrameworksBuildPhase section */
		62CD6B502B6CA5CE00A2CBC2 /* Frameworks */ = {
			isa = PBXFrameworksBuildPhase;
			buildActionMask = 2147483647;
			files = (
			);
			runOnlyForDeploymentPostprocessing = 0;
		};
/* End PBXFrameworksBuildPhase section */

/* Begin PBXGroup section */
		62509FC02B7B8A2200179F44 /* Frame */ = {
			isa = PBXGroup;
			children = (
				62CD6B7F2B6D29DA00A2CBC2 /* Haptic.swift */,
				6239BF042B7DA4DE005F60FF /* Store.swift */,
				6239BF062B7DA5D0005F60FF /* Configuration.storekit */,
			);
			path = Frame;
			sourceTree = "<group>";
		};
		62509FC12B7B8A5200179F44 /* LocalData */ = {
			isa = PBXGroup;
			children = (
				62CD6B662B6CA70C00A2CBC2 /* ColorOptions.swift */,
				62CD6B7D2B6D24F500A2CBC2 /* PlaceholderOptions.swift */,
				6213AD262B7A4ADA0091D822 /* ThemeData.swift */,
			);
			path = LocalData;
			sourceTree = "<group>";
		};
		62CD6B4A2B6CA5CD00A2CBC2 = {
			isa = PBXGroup;
			children = (
				62CD6B552B6CA5CE00A2CBC2 /* GoalTracker */,
				62CD6B542B6CA5CE00A2CBC2 /* Products */,
			);
			sourceTree = "<group>";
		};
		62CD6B542B6CA5CE00A2CBC2 /* Products */ = {
			isa = PBXGroup;
			children = (
				62CD6B532B6CA5CE00A2CBC2 /* GoalTracker.app */,
			);
			name = Products;
			sourceTree = "<group>";
		};
		62CD6B552B6CA5CE00A2CBC2 /* GoalTracker */ = {
			isa = PBXGroup;
			children = (
				625718C22B823D1300D4042D /* GoalTracker.entitlements */,
				625D85C42B7BB20C008D9946 /* Info.plist */,
				62CD6B562B6CA5CE00A2CBC2 /* GoalTrackerApp.swift */,
				62CD6B742B6CB61500A2CBC2 /* ViewModels */,
				62CD6B732B6CB5F500A2CBC2 /* Models */,
				62CD6B6A2B6CB3C800A2CBC2 /* Views */,
				62CD6B782B6CE66500A2CBC2 /* Components */,
				62CD6B5A2B6CA5CF00A2CBC2 /* Assets.xcassets */,
				62509FC12B7B8A5200179F44 /* LocalData */,
				62509FC02B7B8A2200179F44 /* Frame */,
				62CD6B5C2B6CA5CF00A2CBC2 /* Preview Content */,
			);
			path = GoalTracker;
			sourceTree = "<group>";
		};
		62CD6B5C2B6CA5CF00A2CBC2 /* Preview Content */ = {
			isa = PBXGroup;
			children = (
				62CD6B5D2B6CA5CF00A2CBC2 /* Preview Assets.xcassets */,
			);
			path = "Preview Content";
			sourceTree = "<group>";
		};
		62CD6B6A2B6CB3C800A2CBC2 /* Views */ = {
			isa = PBXGroup;
			children = (
				62CD6B682B6CA73E00A2CBC2 /* GoalListView.swift */,
				62CD6B642B6CA62600A2CBC2 /* GoalRowView.swift */,
				62CD6B6B2B6CB4B600A2CBC2 /* AddAndEditGoalView.swift */,
				62CD6B812B70C8AA00A2CBC2 /* SettingView.swift */,
				6213AD242B7A4A5C0091D822 /* ChangeIconView.swift */,
				625718C32B834A8200D4042D /* PrivacyAndAgreementView.swift */,
				625718C52B8445B600D4042D /* EmptyGoalView.swift */,
			);
			path = Views;
			sourceTree = "<group>";
		};
		62CD6B732B6CB5F500A2CBC2 /* Models */ = {
			isa = PBXGroup;
			children = (
				62CD6B6F2B6CB57D00A2CBC2 /* CoreDataManager.swift */,
				62CD6B712B6CB5CB00A2CBC2 /* GoalModel.swift */,
				62CD6B752B6CB68C00A2CBC2 /* GoalModel.xcdatamodeld */,
			);
			path = Models;
			sourceTree = "<group>";
		};
		62CD6B742B6CB61500A2CBC2 /* ViewModels */ = {
			isa = PBXGroup;
			children = (
				62CD6B6D2B6CB50700A2CBC2 /* AddAndEditViewModel.swift */,
			);
			path = ViewModels;
			sourceTree = "<group>";
		};
		62CD6B782B6CE66500A2CBC2 /* Components */ = {
			isa = PBXGroup;
			children = (
				62CD6B792B6CE6EC00A2CBC2 /* LineView.swift */,
				62CD6B832B711A8500A2CBC2 /* SettingRowView.swift */,
				6239BF072B7DA7D6005F60FF /* IAP.swift */,
				625718BE2B7DB6EA00D4042D /* PurchaseView.swift */,
			);
			path = Components;
			sourceTree = "<group>";
		};
/* End PBXGroup section */

/* Begin PBXNativeTarget section */
		62CD6B522B6CA5CE00A2CBC2 /* GoalTracker */ = {
			isa = PBXNativeTarget;
			buildConfigurationList = 62CD6B612B6CA5CF00A2CBC2 /* Build configuration list for PBXNativeTarget "GoalTracker" */;
			buildPhases = (
				62CD6B4F2B6CA5CE00A2CBC2 /* Sources */,
				62CD6B502B6CA5CE00A2CBC2 /* Frameworks */,
				62CD6B512B6CA5CE00A2CBC2 /* Resources */,
			);
			buildRules = (
			);
			dependencies = (
			);
			name = GoalTracker;
			productName = GoalTracker;
			productReference = 62CD6B532B6CA5CE00A2CBC2 /* GoalTracker.app */;
			productType = "com.apple.product-type.application";
		};
/* End PBXNativeTarget section */

/* Begin PBXProject section */
		62CD6B4B2B6CA5CD00A2CBC2 /* Project object */ = {
			isa = PBXProject;
			attributes = {
				BuildIndependentTargetsInParallel = 1;
				LastSwiftUpdateCheck = 1520;
				LastUpgradeCheck = 1520;
				TargetAttributes = {
					62CD6B522B6CA5CE00A2CBC2 = {
						CreatedOnToolsVersion = 15.2;
					};
				};
			};
			buildConfigurationList = 62CD6B4E2B6CA5CD00A2CBC2 /* Build configuration list for PBXProject "GoalTracker" */;
			compatibilityVersion = "Xcode 14.0";
			developmentRegion = en;
			hasScannedForEncodings = 0;
			knownRegions = (
				en,
				Base,
			);
			mainGroup = 62CD6B4A2B6CA5CD00A2CBC2;
			productRefGroup = 62CD6B542B6CA5CE00A2CBC2 /* Products */;
			projectDirPath = "";
			projectRoot = "";
			targets = (
				62CD6B522B6CA5CE00A2CBC2 /* GoalTracker */,
			);
		};
/* End PBXProject section */

/* Begin PBXResourcesBuildPhase section */
		62CD6B512B6CA5CE00A2CBC2 /* Resources */ = {
			isa = PBXResourcesBuildPhase;
			buildActionMask = 2147483647;
			files = (
				62CD6B5E2B6CA5CF00A2CBC2 /* Preview Assets.xcassets in Resources */,
				62CD6B5B2B6CA5CF00A2CBC2 /* Assets.xcassets in Resources */,
			);
			runOnlyForDeploymentPostprocessing = 0;
		};
/* End PBXResourcesBuildPhase section */

/* Begin PBXSourcesBuildPhase section */
		62CD6B4F2B6CA5CE00A2CBC2 /* Sources */ = {
			isa = PBXSourcesBuildPhase;
			buildActionMask = 2147483647;
			files = (
				62CD6B802B6D29DA00A2CBC2 /* Haptic.swift in Sources */,
				625718C62B8445B600D4042D /* EmptyGoalView.swift in Sources */,
				62CD6B772B6CB68C00A2CBC2 /* GoalModel.xcdatamodeld in Sources */,
				62CD6B842B711A8500A2CBC2 /* SettingRowView.swift in Sources */,
				625718BF2B7DB6EA00D4042D /* PurchaseView.swift in Sources */,
				62CD6B7E2B6D24F500A2CBC2 /* PlaceholderOptions.swift in Sources */,
				6239BF082B7DA7D6005F60FF /* IAP.swift in Sources */,
				62CD6B672B6CA70C00A2CBC2 /* ColorOptions.swift in Sources */,
				62CD6B6C2B6CB4B600A2CBC2 /* AddAndEditGoalView.swift in Sources */,
				6213AD252B7A4A5C0091D822 /* ChangeIconView.swift in Sources */,
				625718C42B834A8200D4042D /* PrivacyAndAgreementView.swift in Sources */,
				6213AD272B7A4ADA0091D822 /* ThemeData.swift in Sources */,
				62CD6B692B6CA73E00A2CBC2 /* GoalListView.swift in Sources */,
				62CD6B6E2B6CB50700A2CBC2 /* AddAndEditViewModel.swift in Sources */,
				6239BF052B7DA4DE005F60FF /* Store.swift in Sources */,
				62CD6B722B6CB5CB00A2CBC2 /* GoalModel.swift in Sources */,
				62CD6B822B70C8AA00A2CBC2 /* SettingView.swift in Sources */,
				62CD6B572B6CA5CE00A2CBC2 /* GoalTrackerApp.swift in Sources */,
				62CD6B702B6CB57D00A2CBC2 /* CoreDataManager.swift in Sources */,
				62CD6B7A2B6CE6EC00A2CBC2 /* LineView.swift in Sources */,
				62CD6B652B6CA62600A2CBC2 /* GoalRowView.swift in Sources */,
			);
			runOnlyForDeploymentPostprocessing = 0;
		};
/* End PBXSourcesBuildPhase section */

/* Begin XCBuildConfiguration section */
		62CD6B5F2B6CA5CF00A2CBC2 /* Debug */ = {
			isa = XCBuildConfiguration;
			buildSettings = {
				ALWAYS_SEARCH_USER_PATHS = NO;
				ASSETCATALOG_COMPILER_GENERATE_SWIFT_ASSET_SYMBOL_EXTENSIONS = YES;
				ASSETCATALOG_COMPILER_INCLUDE_ALL_APPICON_ASSETS = NO;
				CLANG_ANALYZER_NONNULL = YES;
				CLANG_ANALYZER_NUMBER_OBJECT_CONVERSION = YES_AGGRESSIVE;
				CLANG_CXX_LANGUAGE_STANDARD = "gnu++20";
				CLANG_ENABLE_MODULES = YES;
				CLANG_ENABLE_OBJC_ARC = YES;
				CLANG_ENABLE_OBJC_WEAK = YES;
				CLANG_WARN_BLOCK_CAPTURE_AUTORELEASING = YES;
				CLANG_WARN_BOOL_CONVERSION = YES;
				CLANG_WARN_COMMA = YES;
				CLANG_WARN_CONSTANT_CONVERSION = YES;
				CLANG_WARN_DEPRECATED_OBJC_IMPLEMENTATIONS = YES;
				CLANG_WARN_DIRECT_OBJC_ISA_USAGE = YES_ERROR;
				CLANG_WARN_DOCUMENTATION_COMMENTS = YES;
				CLANG_WARN_EMPTY_BODY = YES;
				CLANG_WARN_ENUM_CONVERSION = YES;
				CLANG_WARN_INFINITE_RECURSION = YES;
				CLANG_WARN_INT_CONVERSION = YES;
				CLANG_WARN_NON_LITERAL_NULL_CONVERSION = YES;
				CLANG_WARN_OBJC_IMPLICIT_RETAIN_SELF = YES;
				CLANG_WARN_OBJC_LITERAL_CONVERSION = YES;
				CLANG_WARN_OBJC_ROOT_CLASS = YES_ERROR;
				CLANG_WARN_QUOTED_INCLUDE_IN_FRAMEWORK_HEADER = YES;
				CLANG_WARN_RANGE_LOOP_ANALYSIS = YES;
				CLANG_WARN_STRICT_PROTOTYPES = YES;
				CLANG_WARN_SUSPICIOUS_MOVE = YES;
				CLANG_WARN_UNGUARDED_AVAILABILITY = YES_AGGRESSIVE;
				CLANG_WARN_UNREACHABLE_CODE = YES;
				CLANG_WARN__DUPLICATE_METHOD_MATCH = YES;
				COPY_PHASE_STRIP = NO;
				DEBUG_INFORMATION_FORMAT = dwarf;
				ENABLE_STRICT_OBJC_MSGSEND = YES;
				ENABLE_TESTABILITY = YES;
				ENABLE_USER_SCRIPT_SANDBOXING = YES;
				GCC_C_LANGUAGE_STANDARD = gnu17;
				GCC_DYNAMIC_NO_PIC = NO;
				GCC_NO_COMMON_BLOCKS = YES;
				GCC_OPTIMIZATION_LEVEL = 0;
				GCC_PREPROCESSOR_DEFINITIONS = (
					"DEBUG=1",
					"$(inherited)",
				);
				GCC_WARN_64_TO_32_BIT_CONVERSION = YES;
				GCC_WARN_ABOUT_RETURN_TYPE = YES_ERROR;
				GCC_WARN_UNDECLARED_SELECTOR = YES;
				GCC_WARN_UNINITIALIZED_AUTOS = YES_AGGRESSIVE;
				GCC_WARN_UNUSED_FUNCTION = YES;
				GCC_WARN_UNUSED_VARIABLE = YES;
				IPHONEOS_DEPLOYMENT_TARGET = 17.2;
				LOCALIZATION_PREFERS_STRING_CATALOGS = YES;
				MTL_ENABLE_DEBUG_INFO = INCLUDE_SOURCE;
				MTL_FAST_MATH = YES;
				ONLY_ACTIVE_ARCH = YES;
				SDKROOT = iphoneos;
				SWIFT_ACTIVE_COMPILATION_CONDITIONS = "DEBUG $(inherited)";
				SWIFT_OPTIMIZATION_LEVEL = "-Onone";
			};
			name = Debug;
		};
		62CD6B602B6CA5CF00A2CBC2 /* Release */ = {
			isa = XCBuildConfiguration;
			buildSettings = {
				ALWAYS_SEARCH_USER_PATHS = NO;
				ASSETCATALOG_COMPILER_GENERATE_SWIFT_ASSET_SYMBOL_EXTENSIONS = YES;
				ASSETCATALOG_COMPILER_INCLUDE_ALL_APPICON_ASSETS = NO;
				CLANG_ANALYZER_NONNULL = YES;
				CLANG_ANALYZER_NUMBER_OBJECT_CONVERSION = YES_AGGRESSIVE;
				CLANG_CXX_LANGUAGE_STANDARD = "gnu++20";
				CLANG_ENABLE_MODULES = YES;
				CLANG_ENABLE_OBJC_ARC = YES;
				CLANG_ENABLE_OBJC_WEAK = YES;
				CLANG_WARN_BLOCK_CAPTURE_AUTORELEASING = YES;
				CLANG_WARN_BOOL_CONVERSION = YES;
				CLANG_WARN_COMMA = YES;
				CLANG_WARN_CONSTANT_CONVERSION = YES;
				CLANG_WARN_DEPRECATED_OBJC_IMPLEMENTATIONS = YES;
				CLANG_WARN_DIRECT_OBJC_ISA_USAGE = YES_ERROR;
				CLANG_WARN_DOCUMENTATION_COMMENTS = YES;
				CLANG_WARN_EMPTY_BODY = YES;
				CLANG_WARN_ENUM_CONVERSION = YES;
				CLANG_WARN_INFINITE_RECURSION = YES;
				CLANG_WARN_INT_CONVERSION = YES;
				CLANG_WARN_NON_LITERAL_NULL_CONVERSION = YES;
				CLANG_WARN_OBJC_IMPLICIT_RETAIN_SELF = YES;
				CLANG_WARN_OBJC_LITERAL_CONVERSION = YES;
				CLANG_WARN_OBJC_ROOT_CLASS = YES_ERROR;
				CLANG_WARN_QUOTED_INCLUDE_IN_FRAMEWORK_HEADER = YES;
				CLANG_WARN_RANGE_LOOP_ANALYSIS = YES;
				CLANG_WARN_STRICT_PROTOTYPES = YES;
				CLANG_WARN_SUSPICIOUS_MOVE = YES;
				CLANG_WARN_UNGUARDED_AVAILABILITY = YES_AGGRESSIVE;
				CLANG_WARN_UNREACHABLE_CODE = YES;
				CLANG_WARN__DUPLICATE_METHOD_MATCH = YES;
				COPY_PHASE_STRIP = NO;
				DEBUG_INFORMATION_FORMAT = "dwarf-with-dsym";
				ENABLE_NS_ASSERTIONS = NO;
				ENABLE_STRICT_OBJC_MSGSEND = YES;
				ENABLE_USER_SCRIPT_SANDBOXING = YES;
				GCC_C_LANGUAGE_STANDARD = gnu17;
				GCC_NO_COMMON_BLOCKS = YES;
				GCC_WARN_64_TO_32_BIT_CONVERSION = YES;
				GCC_WARN_ABOUT_RETURN_TYPE = YES_ERROR;
				GCC_WARN_UNDECLARED_SELECTOR = YES;
				GCC_WARN_UNINITIALIZED_AUTOS = YES_AGGRESSIVE;
				GCC_WARN_UNUSED_FUNCTION = YES;
				GCC_WARN_UNUSED_VARIABLE = YES;
				IPHONEOS_DEPLOYMENT_TARGET = 17.2;
				LOCALIZATION_PREFERS_STRING_CATALOGS = YES;
				MTL_ENABLE_DEBUG_INFO = NO;
				MTL_FAST_MATH = YES;
				SDKROOT = iphoneos;
				SWIFT_COMPILATION_MODE = wholemodule;
				VALIDATE_PRODUCT = YES;
			};
			name = Release;
		};
		62CD6B622B6CA5CF00A2CBC2 /* Debug */ = {
			isa = XCBuildConfiguration;
			buildSettings = {
				ASSETCATALOG_COMPILER_ALTERNATE_APPICON_NAMES = "";
				ASSETCATALOG_COMPILER_APPICON_NAME = AppIcon;
				ASSETCATALOG_COMPILER_GLOBAL_ACCENT_COLOR_NAME = AccentColor;
				ASSETCATALOG_COMPILER_INCLUDE_ALL_APPICON_ASSETS = YES;
				CODE_SIGN_ENTITLEMENTS = GoalTracker/GoalTracker.entitlements;
				CODE_SIGN_STYLE = Automatic;
				CURRENT_PROJECT_VERSION = 1;
				DEVELOPMENT_ASSET_PATHS = "\"GoalTracker/Preview Content\"";
				DEVELOPMENT_TEAM = ML2CJSB2YZ;
				ENABLE_PREVIEWS = YES;
				GENERATE_INFOPLIST_FILE = YES;
				INFOPLIST_FILE = GoalTracker/Info.plist;
				INFOPLIST_KEY_UIApplicationSceneManifest_Generation = YES;
				INFOPLIST_KEY_UIApplicationSupportsIndirectInputEvents = YES;
				INFOPLIST_KEY_UILaunchScreen_Generation = YES;
				INFOPLIST_KEY_UISupportedInterfaceOrientations_iPad = "UIInterfaceOrientationPortrait UIInterfaceOrientationPortraitUpsideDown UIInterfaceOrientationLandscapeLeft UIInterfaceOrientationLandscapeRight";
				INFOPLIST_KEY_UISupportedInterfaceOrientations_iPhone = "UIInterfaceOrientationPortrait UIInterfaceOrientationLandscapeLeft UIInterfaceOrientationLandscapeRight";
				IPHONEOS_DEPLOYMENT_TARGET = 16.0;
				LD_RUNPATH_SEARCH_PATHS = (
					"$(inherited)",
					"@executable_path/Frameworks",
				);
				MARKETING_VERSION = 1.0;
				PRODUCT_BUNDLE_IDENTIFIER = com.jjh.GoalTracker;
				PRODUCT_NAME = "$(TARGET_NAME)";
				SWIFT_COMPILATION_MODE = singlefile;
				SWIFT_EMIT_LOC_STRINGS = YES;
				SWIFT_VERSION = 5.0;
				TARGETED_DEVICE_FAMILY = "1,2";
			};
			name = Debug;
		};
		62CD6B632B6CA5CF00A2CBC2 /* Release */ = {
			isa = XCBuildConfiguration;
			buildSettings = {
				ASSETCATALOG_COMPILER_ALTERNATE_APPICON_NAMES = "";
				ASSETCATALOG_COMPILER_APPICON_NAME = AppIcon;
				ASSETCATALOG_COMPILER_GLOBAL_ACCENT_COLOR_NAME = AccentColor;
				ASSETCATALOG_COMPILER_INCLUDE_ALL_APPICON_ASSETS = YES;
				CODE_SIGN_ENTITLEMENTS = GoalTracker/GoalTracker.entitlements;
				CODE_SIGN_STYLE = Automatic;
				CURRENT_PROJECT_VERSION = 1;
				DEVELOPMENT_ASSET_PATHS = "\"GoalTracker/Preview Content\"";
				DEVELOPMENT_TEAM = ML2CJSB2YZ;
				ENABLE_PREVIEWS = YES;
				GENERATE_INFOPLIST_FILE = YES;
				INFOPLIST_FILE = GoalTracker/Info.plist;
				INFOPLIST_KEY_UIApplicationSceneManifest_Generation = YES;
				INFOPLIST_KEY_UIApplicationSupportsIndirectInputEvents = YES;
				INFOPLIST_KEY_UILaunchScreen_Generation = YES;
				INFOPLIST_KEY_UISupportedInterfaceOrientations_iPad = "UIInterfaceOrientationPortrait UIInterfaceOrientationPortraitUpsideDown UIInterfaceOrientationLandscapeLeft UIInterfaceOrientationLandscapeRight";
				INFOPLIST_KEY_UISupportedInterfaceOrientations_iPhone = "UIInterfaceOrientationPortrait UIInterfaceOrientationLandscapeLeft UIInterfaceOrientationLandscapeRight";
				IPHONEOS_DEPLOYMENT_TARGET = 16.0;
				LD_RUNPATH_SEARCH_PATHS = (
					"$(inherited)",
					"@executable_path/Frameworks",
				);
				MARKETING_VERSION = 1.0;
				PRODUCT_BUNDLE_IDENTIFIER = com.jjh.GoalTracker;
				PRODUCT_NAME = "$(TARGET_NAME)";
				SWIFT_COMPILATION_MODE = wholemodule;
				SWIFT_EMIT_LOC_STRINGS = YES;
				SWIFT_VERSION = 5.0;
				TARGETED_DEVICE_FAMILY = "1,2";
			};
			name = Release;
		};
/* End XCBuildConfiguration section */

/* Begin XCConfigurationList section */
		62CD6B4E2B6CA5CD00A2CBC2 /* Build configuration list for PBXProject "GoalTracker" */ = {
			isa = XCConfigurationList;
			buildConfigurations = (
				62CD6B5F2B6CA5CF00A2CBC2 /* Debug */,
				62CD6B602B6CA5CF00A2CBC2 /* Release */,
			);
			defaultConfigurationIsVisible = 0;
			defaultConfigurationName = Release;
		};
		62CD6B612B6CA5CF00A2CBC2 /* Build configuration list for PBXNativeTarget "GoalTracker" */ = {
			isa = XCConfigurationList;
			buildConfigurations = (
				62CD6B622B6CA5CF00A2CBC2 /* Debug */,
				62CD6B632B6CA5CF00A2CBC2 /* Release */,
			);
			defaultConfigurationIsVisible = 0;
			defaultConfigurationName = Release;
		};
/* End XCConfigurationList section */

/* Begin XCVersionGroup section */
		62CD6B752B6CB68C00A2CBC2 /* GoalModel.xcdatamodeld */ = {
			isa = XCVersionGroup;
			children = (
				62CD6B762B6CB68C00A2CBC2 /* GoalModel.xcdatamodel */,
			);
			currentVersion = 62CD6B762B6CB68C00A2CBC2 /* GoalModel.xcdatamodel */;
			path = GoalModel.xcdatamodeld;
			sourceTree = "<group>";
			versionGroupType = wrapper.xcdatamodel;
		};
/* End XCVersionGroup section */
	};
	rootObject = 62CD6B4B2B6CA5CD00A2CBC2 /* Project object */;
}
